{
    "_readme": [
        "This file locks the dependencies of your project to a known state",
        "Read more about it at https://getcomposer.org/doc/01-basic-usage.md#composer-lock-the-lock-file",
        "This file is @generated automatically"
    ],
    "hash": "69dfea1014b7c550ea9a54d811ad80fb",
    "content-hash": "b2a97555dafa49f9e501a07622aaa37f",
    "packages": [
        {
            "name": "atoum/atoum",
            "version": "dev-merge_prs",
            "source": {
                "type": "git",
                "url": "https://github.com/agallou/atoum.git",
                "reference": "3154b3f85ae12040494d4d8ad98aec3390c0045e"
            },
            "dist": {
                "type": "zip",
                "url": "https://api.github.com/repos/agallou/atoum/zipball/3154b3f85ae12040494d4d8ad98aec3390c0045e",
                "reference": "3154b3f85ae12040494d4d8ad98aec3390c0045e",
                "shasum": ""
            },
            "require": {
                "ext-hash": "*",
                "ext-json": "*",
                "ext-session": "*",
                "ext-tokenizer": "*",
                "ext-xml": "*",
                "php": ">=5.3.3"
            },
            "replace": {
                "mageekguy/atoum": "*"
            },
            "suggest": {
                "atoum/stubs": "Provides IDE support (like autocompletion) for atoum",
                "ext-mbstring": "Provides support for UTF-8 strings"
            },
            "bin": [
                "bin/atoum"
            ],
            "type": "library",
            "extra": {
                "branch-alias": {
                    "dev-master": "2.x-dev"
                }
            },
            "autoload": {
                "classmap": [
                    "classes/"
                ]
            },
            "license": [
                "BSD-3-Clause"
            ],
            "authors": [
                {
                    "name": "Frédéric Hardy",
                    "email": "frederic.hardy@atoum.org",
                    "homepage": "http://blog.mageekbox.net"
                },
                {
                    "name": "François Dussert",
                    "email": "francois.dussert@atoum.org"
                },
                {
                    "name": "Gérald Croes",
                    "email": "gerald.croes@atoum.org"
                },
                {
                    "name": "Julien Bianchi",
                    "email": "julien.bianchi@atoum.org"
                },
                {
                    "name": "Ludovic Fleury",
                    "email": "ludovic.fleury@atoum.org"
                }
            ],
            "description": "Simple modern and intuitive unit testing framework for PHP 5.3+",
            "homepage": "http://www.atoum.org",
            "keywords": [
                "TDD",
                "atoum",
                "test",
                "unit testing"
            ],
            "support": {
                "source": "https://github.com/agallou/atoum/tree/merge_prs"
            },
            "time": "2016-06-19 16:33:12"
        },
        {
            "name": "atoum/autoloop-extension",
            "version": "dev-self_register",
            "source": {
                "type": "git",
                "url": "https://github.com/atoum/autoloop-extension.git",
                "reference": "8539a85462df2a8c213cb0a21b0c09641eb39af4"
            },
            "dist": {
                "type": "zip",
                "url": "https://api.github.com/repos/atoum/autoloop-extension/zipball/8539a85462df2a8c213cb0a21b0c09641eb39af4",
                "reference": "8539a85462df2a8c213cb0a21b0c09641eb39af4",
                "shasum": ""
            },
            "require": {
                "atoum/atoum": ">=2.8.0,<3.0",
                "henrikbjorn/lurker": ">=1.1,<2.0"
            },
            "type": "library",
            "autoload": {
                "psr-4": {
                    "mageekguy\\atoum\\autoloop\\": "classes"
                },
                "files": [
                    "autoloader.php"
                ]
            },
            "license": [
                "MIT"
            ],
            "authors": [
                {
                    "name": "Adrien Gallou",
                    "email": "adriengallou@gmail.com"
                }
            ],
            "description": "Automaticly run atoum's loop mode on file change",
            "homepage": "http://www.atoum.org",
            "keywords": [
                "atoum",
                "test",
                "unit testing"
            ],
            "support": {
                "source": "https://github.com/atoum/autoloop-extension/tree/self_register",
                "issues": "https://github.com/atoum/autoloop-extension/issues"
            },
            "time": "2016-06-23 21:09:13"
        },
        {
            "name": "atoum/config-extension",
            "version": "dev-merge_prs",
            "source": {
                "type": "git",
                "url": "https://github.com/agallou/atoum-config-extension.git",
                "reference": "dc20eb64534536da151322dc78360a61d7e36dba"
            },
            "dist": {
                "type": "zip",
                "url": "https://api.github.com/repos/agallou/atoum-config-extension/zipball/dc20eb64534536da151322dc78360a61d7e36dba",
                "reference": "dc20eb64534536da151322dc78360a61d7e36dba",
                "shasum": ""
            },
            "require": {
                "atoum/atoum": "^2.8",
                "symfony/config": "~2.6",
                "symfony/dependency-injection": "~2.6",
                "symfony/yaml": "~2.6"
            },
            "type": "library",
            "autoload": {
                "psr-4": {
                    "mageekguy\\atoum\\config\\": "classes"
                },
                "files": [
                    "autoloader.php"
                ]
            },
            "license": [
                "BSD"
            ],
            "authors": [
                {
                    "name": "jubianchi",
                    "email": "contact@jubianchi.fr"
                }
            ],
            "description": "atoum extension to use Yaml configuration files",
            "homepage": "http://www.atoum.org",
            "keywords": [
                "TDD",
                "atoum",
                "test",
                "unit testing"
            ],
            "support": {
                "source": "https://github.com/agallou/atoum-config-extension/tree/merge_prs"
            },
            "time": "2016-06-23 20:47:45"
        },
        {
            "name": "atoum/reports-extension",
            "version": "dev-self_register",
            "source": {
                "type": "git",
                "url": "https://github.com/agallou/reports-extension.git",
                "reference": "ec06e8e6d3a6cc4602dcd322623055708d82c3b9"
            },
            "dist": {
                "type": "zip",
                "url": "https://api.github.com/repos/agallou/reports-extension/zipball/ec06e8e6d3a6cc4602dcd322623055708d82c3b9",
                "reference": "ec06e8e6d3a6cc4602dcd322623055708d82c3b9",
                "shasum": ""
            },
            "require": {
                "atoum/atoum": "^2.8",
                "php": ">=5.4.0",
                "symfony/filesystem": "^2.6 | ^3.0",
                "twig/twig": "^1.18"
            },
            "type": "library",
            "extra": {
                "branch-alias": {
                    "dev-master": "2.x-dev"
                }
            },
            "autoload": {
                "psr-4": {
                    "mageekguy\\atoum\\reports\\": "classes"
                },
                "files": [
                    "autoloader.php"
                ]
            },
            "autoload-dev": {
                "files": [
                    "tests/autoloader.php"
                ]
            },
            "license": [
                "BSD"
            ],
            "authors": [
                {
                    "name": "jubianchi",
                    "email": "contact@jubianchi.fr"
                }
            ],
            "description": "atoum Reports extension",
            "homepage": "http://www.atoum.org",
            "keywords": [
                "TDD",
                "atoum",
                "reports",
                "test",
                "unit testing"
            ],
            "support": {
                "source": "https://github.com/agallou/reports-extension/tree/self_register"
            },
            "time": "2016-06-24 19:09:17"
        },
        {
            "name": "atoum/standard-edition",
            "version": "dev-master",
            "source": {
                "type": "git",
                "url": "https://github.com/agallou/atoum-standard-edition.git",
                "reference": "8ccf93ddec6ab87e68bfe6b52e33eb6893c0b448"
            },
            "dist": {
                "type": "zip",
                "url": "https://api.github.com/repos/agallou/atoum-standard-edition/zipball/8ccf93ddec6ab87e68bfe6b52e33eb6893c0b448",
                "reference": "8ccf93ddec6ab87e68bfe6b52e33eb6893c0b448",
                "shasum": ""
            },
            "require": {
                "atoum/atoum": "dev-merge_prs as 2.8.0",
                "atoum/autoloop-extension": "^0.1.0",
                "atoum/config-extension": "dev-merge_prs as 1.0",
                "atoum/reports-extension": "dev-self_register as 2.9",
                "atoum/stubs": "^2.5",
                "atoum/visibility-extension": "dev-self_register as 1.1"
            },
            "type": "library",
            "autoload": {
                "files": [
                    "autoload.php"
                ]
            },
            "support": {
                "source": "https://github.com/agallou/atoum-standard-edition/tree/master",
                "issues": "https://github.com/agallou/atoum-standard-edition/issues"
            },
            "time": "2016-06-24 18:47:02"
        },
        {
            "name": "atoum/stubs",
            "version": "2.5.0",
            "source": {
                "type": "git",
                "url": "https://github.com/atoum/stubs.git",
                "reference": "45babf1aa5042a99c68fe8a17e1229d7c21407cb"
            },
            "dist": {
                "type": "zip",
                "url": "https://api.github.com/repos/atoum/stubs/zipball/45babf1aa5042a99c68fe8a17e1229d7c21407cb",
                "reference": "45babf1aa5042a99c68fe8a17e1229d7c21407cb",
                "shasum": ""
            },
            "suggest": {
                "atoum/atoum": "Include atoum in your projet dependencies"
            },
            "type": "library",
            "extra": {
                "branch-alias": {
                    "dev-master": "2.x-dev"
                }
            },
            "notification-url": "https://packagist.org/downloads/",
            "license": [
                "BSD"
            ],
            "authors": [
                {
                    "name": "Julien Bianchi",
                    "email": "julien.bianchi@atoum.org"
                },
                {
                    "name": "Ludovic Fleury",
                    "email": "ludovic.fleury@atoum.org"
                }
            ],
            "description": "Stubs for atoum, the simple modern and intuitive unit testing framework for PHP 5.3+",
            "homepage": "http://www.atoum.org",
            "keywords": [
                "TDD",
                "atoum",
                "test",
                "unit testing"
            ],
            "time": "2016-01-07 19:57:29"
        },
        {
            "name": "atoum/visibility-extension",
            "version": "dev-self_register",
            "source": {
                "type": "git",
                "url": "https://github.com/agallou/visibility-extension.git",
                "reference": "ffdeaa14f74e57d597805896c9914baf73850d85"
            },
            "dist": {
                "type": "zip",
                "url": "https://api.github.com/repos/agallou/visibility-extension/zipball/ffdeaa14f74e57d597805896c9914baf73850d85",
                "reference": "ffdeaa14f74e57d597805896c9914baf73850d85",
                "shasum": ""
            },
            "require": {
                "atoum/atoum": "^2.8"
            },
            "type": "library",
            "autoload": {
                "psr-4": {
                    "mageekguy\\atoum\\visibility\\": "classes"
                },
                "files": [
                    "autoloader.php"
                ]
            },
            "license": [
                "BSD"
            ],
            "authors": [
                {
                    "name": "jubianchi",
                    "email": "contact@jubianchi.fr"
                }
            ],
            "description": "atoum extension to loosen method visibility",
            "homepage": "http://www.atoum.org",
            "keywords": [
                "TDD",
                "atoum",
                "test",
                "unit testing",
                "visibility"
            ],
            "support": {
                "source": "https://github.com/agallou/visibility-extension/tree/self_register"
            },
            "time": "2016-06-23 21:41:39"
        },
        {
            "name": "henrikbjorn/lurker",
            "version": "1.1.0",
            "source": {
                "type": "git",
                "url": "https://github.com/flint/Lurker.git",
                "reference": "ab45f9cefe600065cc3137a238217598d3a1d062"
            },
            "dist": {
                "type": "zip",
                "url": "https://api.github.com/repos/flint/Lurker/zipball/ab45f9cefe600065cc3137a238217598d3a1d062",
                "reference": "ab45f9cefe600065cc3137a238217598d3a1d062",
                "shasum": ""
            },
            "require": {
                "php": ">=5.3.3",
                "symfony/config": "~2.2",
                "symfony/event-dispatcher": "~2.2"
            },
            "suggest": {
                "ext-inotify": ">=0.1.6"
            },
            "type": "library",
            "extra": {
                "branch-alias": {
                    "dev-master": "1.0.x-dev"
                }
            },
            "autoload": {
                "psr-0": {
                    "Lurker": "src"
                }
            },
            "notification-url": "https://packagist.org/downloads/",
            "license": [
                "MIT"
            ],
            "authors": [
                {
                    "name": "Yaroslav Kiliba",
                    "email": "om.dattaya@gmail.com"
                },
                {
                    "name": "Konstantin Kudryashov",
                    "email": "ever.zet@gmail.com"
                },
                {
                    "name": "Henrik Bjrnskov",
                    "email": "henrik@bjrnskov.dk"
                }
            ],
            "description": "Resource Watcher.",
            "keywords": [
                "filesystem",
                "resource",
                "watching"
            ],
            "time": "2015-10-27 09:19:19"
        },
        {
            "name": "symfony/config",
            "version": "v2.8.7",
            "source": {
                "type": "git",
                "url": "https://github.com/symfony/config.git",
                "reference": "a2edd59c2163c65747fc3f35d132b5a39266bd05"
            },
            "dist": {
                "type": "zip",
                "url": "https://api.github.com/repos/symfony/config/zipball/a2edd59c2163c65747fc3f35d132b5a39266bd05",
                "reference": "a2edd59c2163c65747fc3f35d132b5a39266bd05",
                "shasum": ""
            },
            "require": {
                "php": ">=5.3.9",
                "symfony/filesystem": "~2.3|~3.0.0"
            },
            "suggest": {
                "symfony/yaml": "To use the yaml reference dumper"
            },
            "type": "library",
            "extra": {
                "branch-alias": {
                    "dev-master": "2.8-dev"
                }
            },
            "autoload": {
                "psr-4": {
                    "Symfony\\Component\\Config\\": ""
                },
                "exclude-from-classmap": [
                    "/Tests/"
                ]
            },
            "notification-url": "https://packagist.org/downloads/",
            "license": [
                "MIT"
            ],
            "authors": [
                {
                    "name": "Fabien Potencier",
                    "email": "fabien@symfony.com"
                },
                {
                    "name": "Symfony Community",
                    "homepage": "https://symfony.com/contributors"
                }
            ],
            "description": "Symfony Config Component",
            "homepage": "https://symfony.com",
            "time": "2016-06-06 11:11:27"
        },
        {
            "name": "symfony/dependency-injection",
            "version": "v2.8.7",
            "source": {
                "type": "git",
                "url": "https://github.com/symfony/dependency-injection.git",
                "reference": "2d05009d890cf1139988ff059b5b2e0eb280ed13"
            },
            "dist": {
                "type": "zip",
                "url": "https://api.github.com/repos/symfony/dependency-injection/zipball/2d05009d890cf1139988ff059b5b2e0eb280ed13",
                "reference": "2d05009d890cf1139988ff059b5b2e0eb280ed13",
                "shasum": ""
            },
            "require": {
                "php": ">=5.3.9"
            },
            "conflict": {
                "symfony/expression-language": "<2.6"
            },
            "require-dev": {
                "symfony/config": "~2.2|~3.0.0",
                "symfony/expression-language": "~2.6|~3.0.0",
                "symfony/yaml": "~2.1|~3.0.0"
            },
            "suggest": {
                "symfony/config": "",
                "symfony/expression-language": "For using expressions in service container configuration",
                "symfony/proxy-manager-bridge": "Generate service proxies to lazy load them",
                "symfony/yaml": ""
            },
            "type": "library",
            "extra": {
                "branch-alias": {
                    "dev-master": "2.8-dev"
                }
            },
            "autoload": {
                "psr-4": {
                    "Symfony\\Component\\DependencyInjection\\": ""
                },
                "exclude-from-classmap": [
                    "/Tests/"
                ]
            },
            "notification-url": "https://packagist.org/downloads/",
            "license": [
                "MIT"
            ],
            "authors": [
                {
                    "name": "Fabien Potencier",
                    "email": "fabien@symfony.com"
                },
                {
                    "name": "Symfony Community",
                    "homepage": "https://symfony.com/contributors"
                }
            ],
            "description": "Symfony DependencyInjection Component",
            "homepage": "https://symfony.com",
            "time": "2016-06-06 11:11:27"
        },
        {
            "name": "symfony/event-dispatcher",
            "version": "v2.8.7",
            "source": {
                "type": "git",
                "url": "https://github.com/symfony/event-dispatcher.git",
                "reference": "2a6b8713f8bdb582058cfda463527f195b066110"
            },
            "dist": {
                "type": "zip",
                "url": "https://api.github.com/repos/symfony/event-dispatcher/zipball/2a6b8713f8bdb582058cfda463527f195b066110",
                "reference": "2a6b8713f8bdb582058cfda463527f195b066110",
                "shasum": ""
            },
            "require": {
                "php": ">=5.3.9"
            },
            "require-dev": {
                "psr/log": "~1.0",
                "symfony/config": "~2.0,>=2.0.5|~3.0.0",
                "symfony/dependency-injection": "~2.6|~3.0.0",
                "symfony/expression-language": "~2.6|~3.0.0",
                "symfony/stopwatch": "~2.3|~3.0.0"
            },
            "suggest": {
                "symfony/dependency-injection": "",
                "symfony/http-kernel": ""
            },
            "type": "library",
            "extra": {
                "branch-alias": {
                    "dev-master": "2.8-dev"
                }
            },
            "autoload": {
                "psr-4": {
                    "Symfony\\Component\\EventDispatcher\\": ""
                },
                "exclude-from-classmap": [
                    "/Tests/"
                ]
            },
            "notification-url": "https://packagist.org/downloads/",
            "license": [
                "MIT"
            ],
            "authors": [
                {
                    "name": "Fabien Potencier",
                    "email": "fabien@symfony.com"
                },
                {
                    "name": "Symfony Community",
                    "homepage": "https://symfony.com/contributors"
                }
            ],
            "description": "Symfony EventDispatcher Component",
            "homepage": "https://symfony.com",
            "time": "2016-06-06 11:11:27"
        },
        {
            "name": "symfony/filesystem",
            "version": "v3.0.7",
            "source": {
                "type": "git",
                "url": "https://github.com/symfony/filesystem.git",
                "reference": "74fec3511b62cb934b64bce1d96f06fffa4beafd"
            },
            "dist": {
                "type": "zip",
                "url": "https://api.github.com/repos/symfony/filesystem/zipball/74fec3511b62cb934b64bce1d96f06fffa4beafd",
                "reference": "74fec3511b62cb934b64bce1d96f06fffa4beafd",
                "shasum": ""
            },
            "require": {
                "php": ">=5.5.9"
            },
            "type": "library",
            "extra": {
                "branch-alias": {
                    "dev-master": "3.0-dev"
                }
            },
            "autoload": {
                "psr-4": {
                    "Symfony\\Component\\Filesystem\\": ""
                },
                "exclude-from-classmap": [
                    "/Tests/"
                ]
            },
            "notification-url": "https://packagist.org/downloads/",
            "license": [
                "MIT"
            ],
            "authors": [
                {
                    "name": "Fabien Potencier",
                    "email": "fabien@symfony.com"
                },
                {
                    "name": "Symfony Community",
                    "homepage": "https://symfony.com/contributors"
                }
            ],
            "description": "Symfony Filesystem Component",
            "homepage": "https://symfony.com",
            "time": "2016-04-12 18:09:53"
        },
        {
            "name": "symfony/yaml",
            "version": "v2.8.7",
            "source": {
                "type": "git",
                "url": "https://github.com/symfony/yaml.git",
                "reference": "815fabf3f48c7d1df345a69d1ad1a88f59757b34"
            },
            "dist": {
                "type": "zip",
                "url": "https://api.github.com/repos/symfony/yaml/zipball/815fabf3f48c7d1df345a69d1ad1a88f59757b34",
                "reference": "815fabf3f48c7d1df345a69d1ad1a88f59757b34",
                "shasum": ""
            },
            "require": {
                "php": ">=5.3.9"
            },
            "type": "library",
            "extra": {
                "branch-alias": {
                    "dev-master": "2.8-dev"
                }
            },
            "autoload": {
                "psr-4": {
                    "Symfony\\Component\\Yaml\\": ""
                },
                "exclude-from-classmap": [
                    "/Tests/"
                ]
            },
            "notification-url": "https://packagist.org/downloads/",
            "license": [
                "MIT"
            ],
            "authors": [
                {
                    "name": "Fabien Potencier",
                    "email": "fabien@symfony.com"
                },
                {
                    "name": "Symfony Community",
                    "homepage": "https://symfony.com/contributors"
                }
            ],
            "description": "Symfony Yaml Component",
            "homepage": "https://symfony.com",
            "time": "2016-06-06 11:11:27"
        },
        {
            "name": "twig/twig",
            "version": "v1.24.1",
            "source": {
                "type": "git",
                "url": "https://github.com/twigphp/Twig.git",
                "reference": "3566d311a92aae4deec6e48682dc5a4528c4a512"
            },
            "dist": {
                "type": "zip",
                "url": "https://api.github.com/repos/twigphp/Twig/zipball/3566d311a92aae4deec6e48682dc5a4528c4a512",
                "reference": "3566d311a92aae4deec6e48682dc5a4528c4a512",
                "shasum": ""
            },
            "require": {
                "php": ">=5.2.7"
            },
            "require-dev": {
                "symfony/debug": "~2.7",
                "symfony/phpunit-bridge": "~2.7"
            },
            "type": "library",
            "extra": {
                "branch-alias": {
                    "dev-master": "1.24-dev"
                }
            },
            "autoload": {
                "psr-0": {
                    "Twig_": "lib/"
                }
            },
            "notification-url": "https://packagist.org/downloads/",
            "license": [
                "BSD-3-Clause"
            ],
            "authors": [
                {
                    "name": "Fabien Potencier",
                    "email": "fabien@symfony.com",
                    "homepage": "http://fabien.potencier.org",
                    "role": "Lead Developer"
                },
                {
                    "name": "Armin Ronacher",
                    "email": "armin.ronacher@active-4.com",
                    "role": "Project Founder"
                },
                {
                    "name": "Twig Team",
                    "homepage": "http://twig.sensiolabs.org/contributors",
                    "role": "Contributors"
                }
            ],
            "description": "Twig, the flexible, fast, and secure template language for PHP",
            "homepage": "http://twig.sensiolabs.org",
            "keywords": [
                "templating"
            ],
            "time": "2016-05-30 09:11:59"
        }
    ],
    "packages-dev": [],
    "aliases": [
        {
            "alias": "2.8.0",
            "alias_normalized": "2.8.0.0",
            "version": "dev-merge_prs",
            "package": "atoum/atoum"
        },
        {
            "alias": "0.1.0",
            "alias_normalized": "0.1.0.0",
            "version": "dev-self_register",
            "package": "atoum/autoloop-extension"
        },
        {
            "alias": "1.1",
            "alias_normalized": "1.1.0.0",
            "version": "dev-self_register",
            "package": "atoum/visibility-extension"
        }
    ],
    "minimum-stability": "dev",
    "stability-flags": {
        "atoum/standard-edition": 20,
        "atoum/atoum": 20,
        "atoum/autoloop-extension": 20,
        "atoum/visibility-extension": 20
    },
    "prefer-stable": true,
    "prefer-lowest": false,
    "platform": [],
    "platform-dev": []
}
